
Microsoft Visual Studio Solution File, Format Version 12.00
# Visual Studio Version 17
VisualStudioVersion = 17.0.31903.59
MinimumVisualStudioVersion = 10.0.40219.1
Project("{9A19103F-16F7-4668-BE54-9A1E7A4F7556}") = "TalkToAPI", "TalkToAPI\TalkToAPI.csproj", "{260ADAF6-E7F6-4371-89CF-A14088A37BED}"
EndProject
Project("{2150E333-8FDC-42A3-9474-1A3956D46DE8}") = "Solution Items", "Solution Items", "{49C4D4D2-69E9-49F3-A1AD-796EF6920757}"
	ProjectSection(SolutionItems) = preProject
		.editorconfig = .editorconfig
	EndProjectSection
EndProject
Project("{FAE04EC0-301F-11D3-BF4B-00C04F79EFBC}") = "TalkToWeb", "TalkToWeb\TalkToWeb.csproj", "{D7C79EEC-097A-48CD-987C-904DFE871386}"
EndProject
Global
	GlobalSection(SolutionConfigurationPlatforms) = preSolution
		Debug|Any CPU = Debug|Any CPU
		Release|Any CPU = Release|Any CPU
	EndGlobalSection
	GlobalSection(ProjectConfigurationPlatforms) = postSolution
		{260ADAF6-E7F6-4371-89CF-A14088A37BED}.Debug|Any CPU.ActiveCfg = Debug|Any CPU
		{260ADAF6-E7F6-4371-89CF-A14088A37BED}.Debug|Any CPU.Build.0 = Debug|Any CPU
		{260ADAF6-E7F6-4371-89CF-A14088A37BED}.Release|Any CPU.ActiveCfg = Release|Any CPU
		{260ADAF6-E7F6-4371-89CF-A14088A37BED}.Release|Any CPU.Build.0 = Release|Any CPU
		{D7C79EEC-097A-48CD-987C-904DFE871386}.Debug|Any CPU.ActiveCfg = Debug|Any CPU
		{D7C79EEC-097A-48CD-987C-904DFE871386}.Debug|Any CPU.Build.0 = Debug|Any CPU
		{D7C79EEC-097A-48CD-987C-904DFE871386}.Release|Any CPU.ActiveCfg = Release|Any CPU
		{D7C79EEC-097A-48CD-987C-904DFE871386}.Release|Any CPU.Build.0 = Release|Any CPU
	EndGlobalSection
	GlobalSection(SolutionProperties) = preSolution
		HideSolutionNode = FALSE
	EndGlobalSection
	GlobalSection(ExtensibilityGlobals) = postSolution
		SolutionGuid = {1857ADDB-AA25-4DAC-8AB4-F177281B0146}
	EndGlobalSection
EndGlobal
